
Microsoft Visual Studio Solution File, Format Version 12.00
# Visual Studio Version 17
VisualStudioVersion = 17.0.31903.59
MinimumVisualStudioVersion = 10.0.40219.1
Project("{2150E333-8FDC-42A3-9474-1A3956D46DE8}") = "src", "src", "{98FCB62B-0FE8-4CDC-BF7F-F63111E5328B}"
EndProject
Project("{FAE04EC0-301F-11D3-BF4B-00C04F79EFBC}") = "Matchketing.Nucleo", "src\Matchketing.Nucleo\Matchketing.Nucleo.csproj", "{E5BC1274-F7E8-4B5B-9BFE-911757022089}"
EndProject
Project("{FAE04EC0-301F-11D3-BF4B-00C04F79EFBC}") = "Matchketing.Identidad", "src\Matchketing.Identidad\Matchketing.Identidad.csproj", "{F41A6136-56A2-420C-9D1B-3F4586536272}"
EndProject
Project("{FAE04EC0-301F-11D3-BF4B-00C04F79EFBC}") = "Matchketing.Organizacion", "src\Matchketing.Organizacion\Matchketing.Organizacion.csproj", "{914BCF83-E498-41C6-A111-EDCE3C2386D2}"
EndProject
Project("{FAE04EC0-301F-11D3-BF4B-00C04F79EFBC}") = "Matchketing.Persistencia", "src\Matchketing.Persistencia\Matchketing.Persistencia.csproj", "{987F7B6B-ECD2-4337-9DD6-4FCB697FF2E9}"
EndProject
Project("{FAE04EC0-301F-11D3-BF4B-00C04F79EFBC}") = "Matchketing.Api", "src\Matchketing.Api\Matchketing.Api.csproj", "{E65BB4DB-7E3F-4207-8D45-258986829065}"
EndProject
Project("{2150E333-8FDC-42A3-9474-1A3956D46DE8}") = "tests", "tests", "{A451AC56-0E4A-416D-B6AE-7F6E3E5928DC}"
EndProject
Project("{FAE04EC0-301F-11D3-BF4B-00C04F79EFBC}") = "Matchketing.Identidad.Tests", "tests\Matchketing.Identidad.Tests\Matchketing.Identidad.Tests.csproj", "{77C265CB-AAA4-4F69-B7E8-E575C750CA79}"
EndProject
Project("{FAE04EC0-301F-11D3-BF4B-00C04F79EFBC}") = "Matchketing.Organizacion.Tests", "tests\Matchketing.Organizacion.Tests\Matchketing.Organizacion.Tests.csproj", "{D5E6F5AC-5947-4F4F-AA4D-0A42B457A846}"
EndProject
Project("{FAE04EC0-301F-11D3-BF4B-00C04F79EFBC}") = "Matchketing.IntegrationTests", "tests\Matchketing.IntegrationTests\Matchketing.IntegrationTests.csproj", "{02EA713C-BFE5-45B0-8ECA-A0C79359CE60}"
EndProject
Project("{FAE04EC0-301F-11D3-BF4B-00C04F79EFBC}") = "Matchketing.Contactos.Tests", "tests\Matchketing.Contactos.Tests\Matchketing.Contactos.Tests.csproj", "{6283E05D-9D46-4BF3-B00E-D50340EF87EC}"
EndProject
Project("{FAE04EC0-301F-11D3-BF4B-00C04F79EFBC}") = "Matchketing.Embudo", "src\Matchketing.Embudo\Matchketing.Embudo.csproj", "{99F131C8-6E38-48DB-A8C0-BE718DB19187}"
EndProject
Project("{FAE04EC0-301F-11D3-BF4B-00C04F79EFBC}") = "Matchketing.Embudo.Tests", "tests\Matchketing.Embudo.Tests\Matchketing.Embudo.Tests.csproj", "{EF85FA53-517A-40D4-8189-6EF071D4E0A2}"
EndProject
Project("{FAE04EC0-301F-11D3-BF4B-00C04F79EFBC}") = "Matchketing.Tareas", "src\Matchketing.Tareas\Matchketing.Tareas.csproj", "{021F4ACD-770E-406A-8657-FD94E41B48C0}"
EndProject
Project("{FAE04EC0-301F-11D3-BF4B-00C04F79EFBC}") = "Matchketing.Tareas.Tests", "tests\Matchketing.Tareas.Tests\Matchketing.Tareas.Tests.csproj", "{860A7992-6F09-466E-ADBB-B1C46ABDA46E}"
EndProject
Project("{FAE04EC0-301F-11D3-BF4B-00C04F79EFBC}") = "Matchketing.Match.Tests", "tests\Matchketing.Match.Tests\Matchketing.Match.Tests.csproj", "{01B824E0-42DD-4BA6-AEE1-D0BD643A005A}"
EndProject
Project("{FAE04EC0-301F-11D3-BF4B-00C04F79EFBC}") = "Matchketing.Cumplimiento", "src\Matchketing.Cumplimiento\Matchketing.Cumplimiento.csproj", "{288415A9-3AD6-4512-919B-AF4C3B90CA83}"
EndProject
Project("{FAE04EC0-301F-11D3-BF4B-00C04F79EFBC}") = "Matchketing.Captacion", "src\Matchketing.Captacion\Matchketing.Captacion.csproj", "{A59315B5-B53B-406F-9500-51A6227578C5}"
EndProject
Project("{FAE04EC0-301F-11D3-BF4B-00C04F79EFBC}") = "Matchketing.Captacion.Tests", "tests\Matchketing.Captacion.Tests\Matchketing.Captacion.Tests.csproj", "{C73B95EA-AB38-4D79-8D9A-2169BC8E63B1}"
EndProject
Project("{FAE04EC0-301F-11D3-BF4B-00C04F79EFBC}") = "Matchketing.Informes", "src\Matchketing.Informes\Matchketing.Informes.csproj", "{D053F7CF-28B2-48CE-9AA0-EECDB72BBF1B}"
EndProject
Project("{FAE04EC0-301F-11D3-BF4B-00C04F79EFBC}") = "Matchketing.Informes.Tests", "tests\Matchketing.Informes.Tests\Matchketing.Informes.Tests.csproj", "{05EE9B57-9217-47D6-9669-9385644A4627}"
EndProject
Project("{FAE04EC0-301F-11D3-BF4B-00C04F79EFBC}") = "Matchketing.Nucleo.Tests", "tests\Matchketing.Nucleo.Tests\Matchketing.Nucleo.Tests.csproj", "{693F6DB2-28A8-46E0-8684-CC85472EEB2E}"
EndProject
Project("{FAE04EC0-301F-11D3-BF4B-00C04F79EFBC}") = "Matchketing.Auditoria.Tests", "tests\Matchketing.Auditoria.Tests\Matchketing.Auditoria.Tests.csproj", "{90F957F0-8A26-45AB-BD07-70363F985EAF}"
EndProject
Project("{FAE04EC0-301F-11D3-BF4B-00C04F79EFBC}") = "Matchketing.Cumplimiento.Tests", "tests\Matchketing.Cumplimiento.Tests\Matchketing.Cumplimiento.Tests.csproj", "{4D6330BF-3DE1-4FD8-A32D-E79906B49BDB}"
EndProject
Project("{FAE04EC0-301F-11D3-BF4B-00C04F79EFBC}") = "Matchketing.Repaso", "src\Matchketing.Repaso\Matchketing.Repaso.csproj", "{45B17090-A8B6-4FF2-BE10-F75ACC06B6BC}"
EndProject
Project("{FAE04EC0-301F-11D3-BF4B-00C04F79EFBC}") = "Matchketing.Repaso.Tests", "tests\Matchketing.Repaso.Tests\Matchketing.Repaso.Tests.csproj", "{BD1E9D1B-FE27-4720-839F-0A43872AA41C}"
EndProject
Project("{FAE04EC0-301F-11D3-BF4B-00C04F79EFBC}") = "Matchketing.Avisos", "src\Matchketing.Avisos\Matchketing.Avisos.csproj", "{42019429-15BA-44B1-B77D-29E085D0DC8D}"
EndProject
Project("{FAE04EC0-301F-11D3-BF4B-00C04F79EFBC}") = "Matchketing.Avisos.Tests", "tests\Matchketing.Avisos.Tests\Matchketing.Avisos.Tests.csproj", "{BE28F229-659E-4128-900F-B27EB67128CC}"
EndProject
Project("{FAE04EC0-301F-11D3-BF4B-00C04F79EFBC}") = "Matchketing.Webhooks", "src\Matchketing.Webhooks\Matchketing.Webhooks.csproj", "{993D40E3-6409-442F-8393-82442967F1D2}"
EndProject
Project("{FAE04EC0-301F-11D3-BF4B-00C04F79EFBC}") = "Matchketing.Webhooks.Tests", "tests\Matchketing.Webhooks.Tests\Matchketing.Webhooks.Tests.csproj", "{BFFEE797-7770-4EE3-A586-355C06E3A512}"
EndProject
Project("{FAE04EC0-301F-11D3-BF4B-00C04F79EFBC}") = "Matchketing.Correo", "src\Matchketing.Correo\Matchketing.Correo.csproj", "{B0AED4C1-016A-4AB6-89BA-4AE32BC1EEE3}"
EndProject
Project("{FAE04EC0-301F-11D3-BF4B-00C04F79EFBC}") = "Matchketing.Correo.Tests", "tests\Matchketing.Correo.Tests\Matchketing.Correo.Tests.csproj", "{5F1C2E50-AA5A-4F67-B25B-4AEAFCC968D6}"
EndProject
Project("{FAE04EC0-301F-11D3-BF4B-00C04F79EFBC}") = "Matchketing.Automatizacion", "src\Matchketing.Automatizacion\Matchketing.Automatizacion.csproj", "{58EA5646-40EA-4A84-A0B3-00ABBBFFE778}"
EndProject
Project("{FAE04EC0-301F-11D3-BF4B-00C04F79EFBC}") = "Matchketing.Automatizacion.Tests", "tests\Matchketing.Automatizacion.Tests\Matchketing.Automatizacion.Tests.csproj", "{5BBE9FA0-9A6B-4400-85E5-8D2C55A2DA4D}"
EndProject
Global
	GlobalSection(SolutionConfigurationPlatforms) = preSolution
		Debug|Any CPU = Debug|Any CPU
		Release|Any CPU = Release|Any CPU
	EndGlobalSection
	GlobalSection(SolutionProperties) = preSolution
		HideSolutionNode = FALSE
	EndGlobalSection
	GlobalSection(ProjectConfigurationPlatforms) = postSolution
		{E5BC1274-F7E8-4B5B-9BFE-911757022089}.Debug|Any CPU.ActiveCfg = Debug|Any CPU
		{E5BC1274-F7E8-4B5B-9BFE-911757022089}.Debug|Any CPU.Build.0 = Debug|Any CPU
		{E5BC1274-F7E8-4B5B-9BFE-911757022089}.Release|Any CPU.ActiveCfg = Release|Any CPU
		{E5BC1274-F7E8-4B5B-9BFE-911757022089}.Release|Any CPU.Build.0 = Release|Any CPU
		{F41A6136-56A2-420C-9D1B-3F4586536272}.Debug|Any CPU.ActiveCfg = Debug|Any CPU
		{F41A6136-56A2-420C-9D1B-3F4586536272}.Debug|Any CPU.Build.0 = Debug|Any CPU
		{F41A6136-56A2-420C-9D1B-3F4586536272}.Release|Any CPU.ActiveCfg = Release|Any CPU
		{F41A6136-56A2-420C-9D1B-3F4586536272}.Release|Any CPU.Build.0 = Release|Any CPU
		{914BCF83-E498-41C6-A111-EDCE3C2386D2}.Debug|Any CPU.ActiveCfg = Debug|Any CPU
		{914BCF83-E498-41C6-A111-EDCE3C2386D2}.Debug|Any CPU.Build.0 = Debug|Any CPU
		{914BCF83-E498-41C6-A111-EDCE3C2386D2}.Release|Any CPU.ActiveCfg = Release|Any CPU
		{914BCF83-E498-41C6-A111-EDCE3C2386D2}.Release|Any CPU.Build.0 = Release|Any CPU
		{987F7B6B-ECD2-4337-9DD6-4FCB697FF2E9}.Debug|Any CPU.ActiveCfg = Debug|Any CPU
		{987F7B6B-ECD2-4337-9DD6-4FCB697FF2E9}.Debug|Any CPU.Build.0 = Debug|Any CPU
		{987F7B6B-ECD2-4337-9DD6-4FCB697FF2E9}.Release|Any CPU.ActiveCfg = Release|Any CPU
		{987F7B6B-ECD2-4337-9DD6-4FCB697FF2E9}.Release|Any CPU.Build.0 = Release|Any CPU
		{E65BB4DB-7E3F-4207-8D45-258986829065}.Debug|Any CPU.ActiveCfg = Debug|Any CPU
		{E65BB4DB-7E3F-4207-8D45-258986829065}.Debug|Any CPU.Build.0 = Debug|Any CPU
		{E65BB4DB-7E3F-4207-8D45-258986829065}.Release|Any CPU.ActiveCfg = Release|Any CPU
		{E65BB4DB-7E3F-4207-8D45-258986829065}.Release|Any CPU.Build.0 = Release|Any CPU
		{77C265CB-AAA4-4F69-B7E8-E575C750CA79}.Debug|Any CPU.ActiveCfg = Debug|Any CPU
		{77C265CB-AAA4-4F69-B7E8-E575C750CA79}.Debug|Any CPU.Build.0 = Debug|Any CPU
		{77C265CB-AAA4-4F69-B7E8-E575C750CA79}.Release|Any CPU.ActiveCfg = Release|Any CPU
		{77C265CB-AAA4-4F69-B7E8-E575C750CA79}.Release|Any CPU.Build.0 = Release|Any CPU
		{D5E6F5AC-5947-4F4F-AA4D-0A42B457A846}.Debug|Any CPU.ActiveCfg = Debug|Any CPU
		{D5E6F5AC-5947-4F4F-AA4D-0A42B457A846}.Debug|Any CPU.Build.0 = Debug|Any CPU
		{D5E6F5AC-5947-4F4F-AA4D-0A42B457A846}.Release|Any CPU.ActiveCfg = Release|Any CPU
		{D5E6F5AC-5947-4F4F-AA4D-0A42B457A846}.Release|Any CPU.Build.0 = Release|Any CPU
		{02EA713C-BFE5-45B0-8ECA-A0C79359CE60}.Debug|Any CPU.ActiveCfg = Debug|Any CPU
		{02EA713C-BFE5-45B0-8ECA-A0C79359CE60}.Debug|Any CPU.Build.0 = Debug|Any CPU
		{02EA713C-BFE5-45B0-8ECA-A0C79359CE60}.Release|Any CPU.ActiveCfg = Release|Any CPU
		{02EA713C-BFE5-45B0-8ECA-A0C79359CE60}.Release|Any CPU.Build.0 = Release|Any CPU
		{6283E05D-9D46-4BF3-B00E-D50340EF87EC}.Debug|Any CPU.ActiveCfg = Debug|Any CPU
		{6283E05D-9D46-4BF3-B00E-D50340EF87EC}.Debug|Any CPU.Build.0 = Debug|Any CPU
		{6283E05D-9D46-4BF3-B00E-D50340EF87EC}.Release|Any CPU.ActiveCfg = Release|Any CPU
		{6283E05D-9D46-4BF3-B00E-D50340EF87EC}.Release|Any CPU.Build.0 = Release|Any CPU
		{99F131C8-6E38-48DB-A8C0-BE718DB19187}.Debug|Any CPU.ActiveCfg = Debug|Any CPU
		{99F131C8-6E38-48DB-A8C0-BE718DB19187}.Debug|Any CPU.Build.0 = Debug|Any CPU
		{99F131C8-6E38-48DB-A8C0-BE718DB19187}.Release|Any CPU.ActiveCfg = Release|Any CPU
		{99F131C8-6E38-48DB-A8C0-BE718DB19187}.Release|Any CPU.Build.0 = Release|Any CPU
		{EF85FA53-517A-40D4-8189-6EF071D4E0A2}.Debug|Any CPU.ActiveCfg = Debug|Any CPU
		{EF85FA53-517A-40D4-8189-6EF071D4E0A2}.Debug|Any CPU.Build.0 = Debug|Any CPU
		{EF85FA53-517A-40D4-8189-6EF071D4E0A2}.Release|Any CPU.ActiveCfg = Release|Any CPU
		{EF85FA53-517A-40D4-8189-6EF071D4E0A2}.Release|Any CPU.Build.0 = Release|Any CPU
		{021F4ACD-770E-406A-8657-FD94E41B48C0}.Debug|Any CPU.ActiveCfg = Debug|Any CPU
		{021F4ACD-770E-406A-8657-FD94E41B48C0}.Debug|Any CPU.Build.0 = Debug|Any CPU
		{021F4ACD-770E-406A-8657-FD94E41B48C0}.Release|Any CPU.ActiveCfg = Release|Any CPU
		{021F4ACD-770E-406A-8657-FD94E41B48C0}.Release|Any CPU.Build.0 = Release|Any CPU
		{860A7992-6F09-466E-ADBB-B1C46ABDA46E}.Debug|Any CPU.ActiveCfg = Debug|Any CPU
		{860A7992-6F09-466E-ADBB-B1C46ABDA46E}.Debug|Any CPU.Build.0 = Debug|Any CPU
		{860A7992-6F09-466E-ADBB-B1C46ABDA46E}.Release|Any CPU.ActiveCfg = Release|Any CPU
		{860A7992-6F09-466E-ADBB-B1C46ABDA46E}.Release|Any CPU.Build.0 = Release|Any CPU
		{01B824E0-42DD-4BA6-AEE1-D0BD643A005A}.Debug|Any CPU.ActiveCfg = Debug|Any CPU
		{01B824E0-42DD-4BA6-AEE1-D0BD643A005A}.Debug|Any CPU.Build.0 = Debug|Any CPU
		{01B824E0-42DD-4BA6-AEE1-D0BD643A005A}.Release|Any CPU.ActiveCfg = Release|Any CPU
		{01B824E0-42DD-4BA6-AEE1-D0BD643A005A}.Release|Any CPU.Build.0 = Release|Any CPU
		{288415A9-3AD6-4512-919B-AF4C3B90CA83}.Debug|Any CPU.ActiveCfg = Debug|Any CPU
		{288415A9-3AD6-4512-919B-AF4C3B90CA83}.Debug|Any CPU.Build.0 = Debug|Any CPU
		{288415A9-3AD6-4512-919B-AF4C3B90CA83}.Release|Any CPU.ActiveCfg = Release|Any CPU
		{288415A9-3AD6-4512-919B-AF4C3B90CA83}.Release|Any CPU.Build.0 = Release|Any CPU
		{A59315B5-B53B-406F-9500-51A6227578C5}.Debug|Any CPU.ActiveCfg = Debug|Any CPU
		{A59315B5-B53B-406F-9500-51A6227578C5}.Debug|Any CPU.Build.0 = Debug|Any CPU
		{A59315B5-B53B-406F-9500-51A6227578C5}.Release|Any CPU.ActiveCfg = Release|Any CPU
		{A59315B5-B53B-406F-9500-51A6227578C5}.Release|Any CPU.Build.0 = Release|Any CPU
		{C73B95EA-AB38-4D79-8D9A-2169BC8E63B1}.Debug|Any CPU.ActiveCfg = Debug|Any CPU
		{C73B95EA-AB38-4D79-8D9A-2169BC8E63B1}.Debug|Any CPU.Build.0 = Debug|Any CPU
		{C73B95EA-AB38-4D79-8D9A-2169BC8E63B1}.Release|Any CPU.ActiveCfg = Release|Any CPU
		{C73B95EA-AB38-4D79-8D9A-2169BC8E63B1}.Release|Any CPU.Build.0 = Release|Any CPU
		{D053F7CF-28B2-48CE-9AA0-EECDB72BBF1B}.Debug|Any CPU.ActiveCfg = Debug|Any CPU
		{D053F7CF-28B2-48CE-9AA0-EECDB72BBF1B}.Debug|Any CPU.Build.0 = Debug|Any CPU
		{D053F7CF-28B2-48CE-9AA0-EECDB72BBF1B}.Release|Any CPU.ActiveCfg = Release|Any CPU
		{D053F7CF-28B2-48CE-9AA0-EECDB72BBF1B}.Release|Any CPU.Build.0 = Release|Any CPU
		{05EE9B57-9217-47D6-9669-9385644A4627}.Debug|Any CPU.ActiveCfg = Debug|Any CPU
		{05EE9B57-9217-47D6-9669-9385644A4627}.Debug|Any CPU.Build.0 = Debug|Any CPU
		{05EE9B57-9217-47D6-9669-9385644A4627}.Release|Any CPU.ActiveCfg = Release|Any CPU
		{05EE9B57-9217-47D6-9669-9385644A4627}.Release|Any CPU.Build.0 = Release|Any CPU
		{693F6DB2-28A8-46E0-8684-CC85472EEB2E}.Debug|Any CPU.ActiveCfg = Debug|Any CPU
		{693F6DB2-28A8-46E0-8684-CC85472EEB2E}.Debug|Any CPU.Build.0 = Debug|Any CPU
		{693F6DB2-28A8-46E0-8684-CC85472EEB2E}.Release|Any CPU.ActiveCfg = Release|Any CPU
		{693F6DB2-28A8-46E0-8684-CC85472EEB2E}.Release|Any CPU.Build.0 = Release|Any CPU
		{90F957F0-8A26-45AB-BD07-70363F985EAF}.Debug|Any CPU.ActiveCfg = Debug|Any CPU
		{90F957F0-8A26-45AB-BD07-70363F985EAF}.Debug|Any CPU.Build.0 = Debug|Any CPU
		{90F957F0-8A26-45AB-BD07-70363F985EAF}.Release|Any CPU.ActiveCfg = Release|Any CPU
		{90F957F0-8A26-45AB-BD07-70363F985EAF}.Release|Any CPU.Build.0 = Release|Any CPU
		{4D6330BF-3DE1-4FD8-A32D-E79906B49BDB}.Debug|Any CPU.ActiveCfg = Debug|Any CPU
		{4D6330BF-3DE1-4FD8-A32D-E79906B49BDB}.Debug|Any CPU.Build.0 = Debug|Any CPU
		{4D6330BF-3DE1-4FD8-A32D-E79906B49BDB}.Release|Any CPU.ActiveCfg = Release|Any CPU
		{4D6330BF-3DE1-4FD8-A32D-E79906B49BDB}.Release|Any CPU.Build.0 = Release|Any CPU
		{45B17090-A8B6-4FF2-BE10-F75ACC06B6BC}.Debug|Any CPU.ActiveCfg = Debug|Any CPU
		{45B17090-A8B6-4FF2-BE10-F75ACC06B6BC}.Debug|Any CPU.Build.0 = Debug|Any CPU
		{45B17090-A8B6-4FF2-BE10-F75ACC06B6BC}.Release|Any CPU.ActiveCfg = Release|Any CPU
		{45B17090-A8B6-4FF2-BE10-F75ACC06B6BC}.Release|Any CPU.Build.0 = Release|Any CPU
		{BD1E9D1B-FE27-4720-839F-0A43872AA41C}.Debug|Any CPU.ActiveCfg = Debug|Any CPU
		{BD1E9D1B-FE27-4720-839F-0A43872AA41C}.Debug|Any CPU.Build.0 = Debug|Any CPU
		{BD1E9D1B-FE27-4720-839F-0A43872AA41C}.Release|Any CPU.ActiveCfg = Release|Any CPU
		{BD1E9D1B-FE27-4720-839F-0A43872AA41C}.Release|Any CPU.Build.0 = Release|Any CPU
		{42019429-15BA-44B1-B77D-29E085D0DC8D}.Debug|Any CPU.ActiveCfg = Debug|Any CPU
		{42019429-15BA-44B1-B77D-29E085D0DC8D}.Debug|Any CPU.Build.0 = Debug|Any CPU
		{42019429-15BA-44B1-B77D-29E085D0DC8D}.Release|Any CPU.ActiveCfg = Release|Any CPU
		{42019429-15BA-44B1-B77D-29E085D0DC8D}.Release|Any CPU.Build.0 = Release|Any CPU
		{BE28F229-659E-4128-900F-B27EB67128CC}.Debug|Any CPU.ActiveCfg = Debug|Any CPU
		{BE28F229-659E-4128-900F-B27EB67128CC}.Debug|Any CPU.Build.0 = Debug|Any CPU
		{BE28F229-659E-4128-900F-B27EB67128CC}.Release|Any CPU.ActiveCfg = Release|Any CPU
		{BE28F229-659E-4128-900F-B27EB67128CC}.Release|Any CPU.Build.0 = Release|Any CPU
		{993D40E3-6409-442F-8393-82442967F1D2}.Debug|Any CPU.ActiveCfg = Debug|Any CPU
		{993D40E3-6409-442F-8393-82442967F1D2}.Debug|Any CPU.Build.0 = Debug|Any CPU
		{993D40E3-6409-442F-8393-82442967F1D2}.Release|Any CPU.ActiveCfg = Release|Any CPU
		{993D40E3-6409-442F-8393-82442967F1D2}.Release|Any CPU.Build.0 = Release|Any CPU
		{BFFEE797-7770-4EE3-A586-355C06E3A512}.Debug|Any CPU.ActiveCfg = Debug|Any CPU
		{BFFEE797-7770-4EE3-A586-355C06E3A512}.Debug|Any CPU.Build.0 = Debug|Any CPU
		{BFFEE797-7770-4EE3-A586-355C06E3A512}.Release|Any CPU.ActiveCfg = Release|Any CPU
		{BFFEE797-7770-4EE3-A586-355C06E3A512}.Release|Any CPU.Build.0 = Release|Any CPU
		{B0AED4C1-016A-4AB6-89BA-4AE32BC1EEE3}.Debug|Any CPU.ActiveCfg = Debug|Any CPU
		{B0AED4C1-016A-4AB6-89BA-4AE32BC1EEE3}.Debug|Any CPU.Build.0 = Debug|Any CPU
		{B0AED4C1-016A-4AB6-89BA-4AE32BC1EEE3}.Release|Any CPU.ActiveCfg = Release|Any CPU
		{B0AED4C1-016A-4AB6-89BA-4AE32BC1EEE3}.Release|Any CPU.Build.0 = Release|Any CPU
		{5F1C2E50-AA5A-4F67-B25B-4AEAFCC968D6}.Debug|Any CPU.ActiveCfg = Debug|Any CPU
		{5F1C2E50-AA5A-4F67-B25B-4AEAFCC968D6}.Debug|Any CPU.Build.0 = Debug|Any CPU
		{5F1C2E50-AA5A-4F67-B25B-4AEAFCC968D6}.Release|Any CPU.ActiveCfg = Release|Any CPU
		{5F1C2E50-AA5A-4F67-B25B-4AEAFCC968D6}.Release|Any CPU.Build.0 = Release|Any CPU
		{58EA5646-40EA-4A84-A0B3-00ABBBFFE778}.Debug|Any CPU.ActiveCfg = Debug|Any CPU
		{58EA5646-40EA-4A84-A0B3-00ABBBFFE778}.Debug|Any CPU.Build.0 = Debug|Any CPU
		{58EA5646-40EA-4A84-A0B3-00ABBBFFE778}.Release|Any CPU.ActiveCfg = Release|Any CPU
		{58EA5646-40EA-4A84-A0B3-00ABBBFFE778}.Release|Any CPU.Build.0 = Release|Any CPU
		{5BBE9FA0-9A6B-4400-85E5-8D2C55A2DA4D}.Debug|Any CPU.ActiveCfg = Debug|Any CPU
		{5BBE9FA0-9A6B-4400-85E5-8D2C55A2DA4D}.Debug|Any CPU.Build.0 = Debug|Any CPU
		{5BBE9FA0-9A6B-4400-85E5-8D2C55A2DA4D}.Release|Any CPU.ActiveCfg = Release|Any CPU
		{5BBE9FA0-9A6B-4400-85E5-8D2C55A2DA4D}.Release|Any CPU.Build.0 = Release|Any CPU
	EndGlobalSection
	GlobalSection(NestedProjects) = preSolution
		{E5BC1274-F7E8-4B5B-9BFE-911757022089} = {98FCB62B-0FE8-4CDC-BF7F-F63111E5328B}
		{F41A6136-56A2-420C-9D1B-3F4586536272} = {98FCB62B-0FE8-4CDC-BF7F-F63111E5328B}
		{914BCF83-E498-41C6-A111-EDCE3C2386D2} = {98FCB62B-0FE8-4CDC-BF7F-F63111E5328B}
		{987F7B6B-ECD2-4337-9DD6-4FCB697FF2E9} = {98FCB62B-0FE8-4CDC-BF7F-F63111E5328B}
		{E65BB4DB-7E3F-4207-8D45-258986829065} = {98FCB62B-0FE8-4CDC-BF7F-F63111E5328B}
		{77C265CB-AAA4-4F69-B7E8-E575C750CA79} = {A451AC56-0E4A-416D-B6AE-7F6E3E5928DC}
		{D5E6F5AC-5947-4F4F-AA4D-0A42B457A846} = {A451AC56-0E4A-416D-B6AE-7F6E3E5928DC}
		{02EA713C-BFE5-45B0-8ECA-A0C79359CE60} = {A451AC56-0E4A-416D-B6AE-7F6E3E5928DC}
		{6283E05D-9D46-4BF3-B00E-D50340EF87EC} = {A451AC56-0E4A-416D-B6AE-7F6E3E5928DC}
		{99F131C8-6E38-48DB-A8C0-BE718DB19187} = {98FCB62B-0FE8-4CDC-BF7F-F63111E5328B}
		{EF85FA53-517A-40D4-8189-6EF071D4E0A2} = {A451AC56-0E4A-416D-B6AE-7F6E3E5928DC}
		{021F4ACD-770E-406A-8657-FD94E41B48C0} = {98FCB62B-0FE8-4CDC-BF7F-F63111E5328B}
		{860A7992-6F09-466E-ADBB-B1C46ABDA46E} = {A451AC56-0E4A-416D-B6AE-7F6E3E5928DC}
		{01B824E0-42DD-4BA6-AEE1-D0BD643A005A} = {A451AC56-0E4A-416D-B6AE-7F6E3E5928DC}
		{288415A9-3AD6-4512-919B-AF4C3B90CA83} = {98FCB62B-0FE8-4CDC-BF7F-F63111E5328B}
		{A59315B5-B53B-406F-9500-51A6227578C5} = {98FCB62B-0FE8-4CDC-BF7F-F63111E5328B}
		{C73B95EA-AB38-4D79-8D9A-2169BC8E63B1} = {A451AC56-0E4A-416D-B6AE-7F6E3E5928DC}
		{D053F7CF-28B2-48CE-9AA0-EECDB72BBF1B} = {98FCB62B-0FE8-4CDC-BF7F-F63111E5328B}
		{05EE9B57-9217-47D6-9669-9385644A4627} = {A451AC56-0E4A-416D-B6AE-7F6E3E5928DC}
		{693F6DB2-28A8-46E0-8684-CC85472EEB2E} = {A451AC56-0E4A-416D-B6AE-7F6E3E5928DC}
		{90F957F0-8A26-45AB-BD07-70363F985EAF} = {A451AC56-0E4A-416D-B6AE-7F6E3E5928DC}
		{4D6330BF-3DE1-4FD8-A32D-E79906B49BDB} = {A451AC56-0E4A-416D-B6AE-7F6E3E5928DC}
		{45B17090-A8B6-4FF2-BE10-F75ACC06B6BC} = {98FCB62B-0FE8-4CDC-BF7F-F63111E5328B}
		{BD1E9D1B-FE27-4720-839F-0A43872AA41C} = {A451AC56-0E4A-416D-B6AE-7F6E3E5928DC}
		{42019429-15BA-44B1-B77D-29E085D0DC8D} = {98FCB62B-0FE8-4CDC-BF7F-F63111E5328B}
		{BE28F229-659E-4128-900F-B27EB67128CC} = {A451AC56-0E4A-416D-B6AE-7F6E3E5928DC}
		{993D40E3-6409-442F-8393-82442967F1D2} = {98FCB62B-0FE8-4CDC-BF7F-F63111E5328B}
		{BFFEE797-7770-4EE3-A586-355C06E3A512} = {A451AC56-0E4A-416D-B6AE-7F6E3E5928DC}
		{B0AED4C1-016A-4AB6-89BA-4AE32BC1EEE3} = {98FCB62B-0FE8-4CDC-BF7F-F63111E5328B}
		{5F1C2E50-AA5A-4F67-B25B-4AEAFCC968D6} = {A451AC56-0E4A-416D-B6AE-7F6E3E5928DC}
		{58EA5646-40EA-4A84-A0B3-00ABBBFFE778} = {98FCB62B-0FE8-4CDC-BF7F-F63111E5328B}
		{5BBE9FA0-9A6B-4400-85E5-8D2C55A2DA4D} = {A451AC56-0E4A-416D-B6AE-7F6E3E5928DC}
	EndGlobalSection
EndGlobal
